
Microsoft Visual Studio Solution File, Format Version 12.00
# Visual Studio Version 17
VisualStudioVersion = 17.2.32630.192
MinimumVisualStudioVersion = 10.0.40219.1
Project("{FAE04EC0-301F-11D3-BF4B-00C04F79EFBC}") = "TrackerLibrary", "TrackerLibrary.csproj", "{72A2DA56-8681-4836-9F25-1C2D871963A8}"
EndProject
Project("{FAE04EC0-301F-11D3-BF4B-00C04F79EFBC}") = "TrackerUI", "..\TrackerUI\TrackerUI.csproj", "{044C2CE7-FB71-48DD-A310-699488F0315E}"
EndProject
Global
	GlobalSection(SolutionConfigurationPlatforms) = preSolution
		Debug|Any CPU = Debug|Any CPU
		Release|Any CPU = Release|Any CPU
	EndGlobalSection
	GlobalSection(ProjectConfigurationPlatforms) = postSolution
		{72A2DA56-8681-4836-9F25-1C2D871963A8}.Debug|Any CPU.ActiveCfg = Debug|Any CPU
		{72A2DA56-8681-4836-9F25-1C2D871963A8}.Debug|Any CPU.Build.0 = Debug|Any CPU
		{72A2DA56-8681-4836-9F25-1C2D871963A8}.Release|Any CPU.ActiveCfg = Release|Any CPU
		{72A2DA56-8681-4836-9F25-1C2D871963A8}.Release|Any CPU.Build.0 = Release|Any CPU
		{044C2CE7-FB71-48DD-A310-699488F0315E}.Debug|Any CPU.ActiveCfg = Debug|Any CPU
		{044C2CE7-FB71-48DD-A310-699488F0315E}.Debug|Any CPU.Build.0 = Debug|Any CPU
		{044C2CE7-FB71-48DD-A310-699488F0315E}.Release|Any CPU.ActiveCfg = Release|Any CPU
		{044C2CE7-FB71-48DD-A310-699488F0315E}.Release|Any CPU.Build.0 = Release|Any CPU
	EndGlobalSection
	GlobalSection(SolutionProperties) = preSolution
		HideSolutionNode = FALSE
	EndGlobalSection
	GlobalSection(ExtensibilityGlobals) = postSolution
		SolutionGuid = {B77840BF-F9C1-4F0C-AF0F-7165C2849E7F}
	EndGlobalSection
EndGlobal
